
Microsoft Visual Studio Solution File, Format Version 12.00
# Visual Studio 15
VisualStudioVersion = 15.0.28307.329
MinimumVisualStudioVersion = 10.0.40219.1
Project("{FAE04EC0-301F-11D3-BF4B-00C04F79EFBC}") = "ConsoleApp1", "ConsoleApp1\ConsoleApp1.csproj", "{8843035A-A5DE-44E3-A1EE-D6E670A15FB8}"
EndProject
Global
	GlobalSection(SolutionConfigurationPlatforms) = preSolution
		Debug|Any CPU = Debug|Any CPU
		Release|Any CPU = Release|Any CPU
	EndGlobalSection
	GlobalSection(ProjectConfigurationPlatforms) = postSolution
		{8843035A-A5DE-44E3-A1EE-D6E670A15FB8}.Debug|Any CPU.ActiveCfg = Debug|Any CPU
		{8843035A-A5DE-44E3-A1EE-D6E670A15FB8}.Debug|Any CPU.Build.0 = Debug|Any CPU
		{8843035A-A5DE-44E3-A1EE-D6E670A15FB8}.Release|Any CPU.ActiveCfg = Release|Any CPU
		{8843035A-A5DE-44E3-A1EE-D6E670A15FB8}.Release|Any CPU.Build.0 = Release|Any CPU
	EndGlobalSection
	GlobalSection(SolutionProperties) = preSolution
		HideSolutionNode = FALSE
	EndGlobalSection
	GlobalSection(ExtensibilityGlobals) = postSolution
		SolutionGuid = {EE39F32C-18C8-4A04-ABE9-E998A594FB0C}
	EndGlobalSection
EndGlobal
